{
  "originHash" : "f97e97bc2752d6bb4c149f56f3d7537843718285efca21291b43d2dff13221db",
  "pins" : [
    {
      "identity" : "global-inavi-navigation-sdk",
      "kind" : "remoteSourceControl",
      "location" : "https://github.com/inavi-systems/Global-iNavi-Navigation-SDK/",
      "state" : {
        "revision" : "0fcee606729fdbb4d94b584630d3a6fc9a77f17d",
        "version" : "1.0.1"
      }
    }
  ],
  "version" : 3
}
