{
  "originHash" : "f97e97bc2752d6bb4c149f56f3d7537843718285efca21291b43d2dff13221db",
  "pins" : [
    {
      "identity" : "global-inavi-navigation-sdk",
      "kind" : "remoteSourceControl",
      "location" : "https://github.com/inavi-systems/Global-iNavi-Navigation-SDK/",
      "state" : {
        "revision" : "86a3e5f8429b068c918a800956eee2e7c0fcb442",
        "version" : "1.0.4"
      }
    },
    {
      "identity" : "maplibre-gl-native-distribution",
      "kind" : "remoteSourceControl",
      "location" : "https://github.com/maplibre/maplibre-gl-native-distribution",
      "state" : {
        "revision" : "fa12216f30833c2b4d897714f7c1ca2f5608f685",
        "version" : "6.22.1"
      }
    }
  ],
  "version" : 3
}
